// !$*UTF8*$!
{
	archiveVersion = 1;
	classes = {
	};
	objectVersion = 46;
	objects = {

/* Begin PBXBuildFile section */
		6A1A51E513B7D39100D696EB /* MGPeriodicTimer.m in Sources */ = {isa = PBXBuildFile; fileRef = 6A1A51E413B7D39100D696EB /* MGPeriodicTimer.m */; };
		6A6D2FD513B3A45F00C1ED12 /* MGPongBallLayer.m in Sources */ = {isa = PBXBuildFile; fileRef = 6A6D2FD413B3A45F00C1ED12 /* MGPongBallLayer.m */; };
		6A6D2FFC13B3A71A00C1ED12 /* QuartzCore.framework in Frameworks */ = {isa = PBXBuildFile; fileRef = 6A6D2FFB13B3A71A00C1ED12 /* QuartzCore.framework */; };
		6A88C93213B2EEA300EC6CB2 /* Cocoa.framework in Frameworks */ = {isa = PBXBuildFile; fileRef = 6A88C93113B2EEA200EC6CB2 /* Cocoa.framework */; };
		6A88C93C13B2EEA300EC6CB2 /* InfoPlist.strings in Resources */ = {isa = PBXBuildFile; fileRef = 6A88C93A13B2EEA300EC6CB2 /* InfoPlist.strings */; };
		6A88C93F13B2EEA300EC6CB2 /* main.m in Sources */ = {isa = PBXBuildFile; fileRef = 6A88C93E13B2EEA300EC6CB2 /* main.m */; };
		6A88C94213B2EEA300EC6CB2 /* Credits.rtf in Resources */ = {isa = PBXBuildFile; fileRef = 6A88C94013B2EEA300EC6CB2 /* Credits.rtf */; };
		6A88C94513B2EEA300EC6CB2 /* MenuGamesAppDelegate.m in Sources */ = {isa = PBXBuildFile; fileRef = 6A88C94413B2EEA300EC6CB2 /* MenuGamesAppDelegate.m */; };
		6A88C94813B2EEA300EC6CB2 /* MainMenu.xib in Resources */ = {isa = PBXBuildFile; fileRef = 6A88C94613B2EEA300EC6CB2 /* MainMenu.xib */; };
		6A88C96013B2F12600EC6CB2 /* MGPongView.m in Sources */ = {isa = PBXBuildFile; fileRef = 6A88C95F13B2F12600EC6CB2 /* MGPongView.m */; };
		6A88C96313B2FC7A00EC6CB2 /* MGGameWindow.m in Sources */ = {isa = PBXBuildFile; fileRef = 6A88C96213B2FC7A00EC6CB2 /* MGGameWindow.m */; };
		6A8B0AC313BA785F005A1307 /* winner-banner-left.png in Resources */ = {isa = PBXBuildFile; fileRef = 6A8B0ABF13BA785F005A1307 /* winner-banner-left.png */; };
		6A8B0AC413BA785F005A1307 /* winner-banner-right.png in Resources */ = {isa = PBXBuildFile; fileRef = 6A8B0AC013BA785F005A1307 /* winner-banner-right.png */; };
		6A8B0AC513BA785F005A1307 /* you-banner-left.png in Resources */ = {isa = PBXBuildFile; fileRef = 6A8B0AC113BA785F005A1307 /* you-banner-left.png */; };
		6A8B0AC613BA785F005A1307 /* you-banner-right.png in Resources */ = {isa = PBXBuildFile; fileRef = 6A8B0AC213BA785F005A1307 /* you-banner-right.png */; };
		6A8B0AC913BA85D0005A1307 /* you-banner-2locals.png in Resources */ = {isa = PBXBuildFile; fileRef = 6A8B0AC813BA85D0005A1307 /* you-banner-2locals.png */; };
		6A9BA9A313B8F00C00263858 /* MGPongPlayer.m in Sources */ = {isa = PBXBuildFile; fileRef = 6A9BA9A213B8F00C00263858 /* MGPongPlayer.m */; };
		6AC91AB713BA6CE100F6867D /* pause-icon.png in Resources */ = {isa = PBXBuildFile; fileRef = 6AC91AB613BA6CE100F6867D /* pause-icon.png */; };
		6AD5A04D13B6CC19009EAEA7 /* MGPongPaddleLayer.m in Sources */ = {isa = PBXBuildFile; fileRef = 6AD5A04C13B6CC19009EAEA7 /* MGPongPaddleLayer.m */; };
		CA89C5D513B3258800D0E1AC /* QuartzCore.framework in Frameworks */ = {isa = PBXBuildFile; fileRef = CA89C5D413B3258800D0E1AC /* QuartzCore.framework */; };
/* End PBXBuildFile section */

/* Begin PBXFileReference section */
		6A1A51E313B7D39100D696EB /* MGPeriodicTimer.h */ = {isa = PBXFileReference; fileEncoding = 4; lastKnownFileType = sourcecode.c.h; path = MGPeriodicTimer.h; sourceTree = "<group>"; };
		6A1A51E413B7D39100D696EB /* MGPeriodicTimer.m */ = {isa = PBXFileReference; fileEncoding = 4; lastKnownFileType = sourcecode.c.objc; path = MGPeriodicTimer.m; sourceTree = "<group>"; };
		6A1A51E713B7D4DE00D696EB /* MGPeriodicTimerDelegate.h */ = {isa = PBXFileReference; fileEncoding = 4; lastKnownFileType = sourcecode.c.h; path = MGPeriodicTimerDelegate.h; sourceTree = "<group>"; };
		6A6D2FD313B3A45F00C1ED12 /* MGPongBallLayer.h */ = {isa = PBXFileReference; fileEncoding = 4; lastKnownFileType = sourcecode.c.h; path = MGPongBallLayer.h; sourceTree = "<group>"; };
		6A6D2FD413B3A45F00C1ED12 /* MGPongBallLayer.m */ = {isa = PBXFileReference; fileEncoding = 4; lastKnownFileType = sourcecode.c.objc; path = MGPongBallLayer.m; sourceTree = "<group>"; };
		6A6D2FFB13B3A71A00C1ED12 /* QuartzCore.framework */ = {isa = PBXFileReference; lastKnownFileType = wrapper.framework; name = QuartzCore.framework; path = System/Library/Frameworks/QuartzCore.framework; sourceTree = SDKROOT; };
		6A88C92D13B2EEA200EC6CB2 /* MenuGames.app */ = {isa = PBXFileReference; explicitFileType = wrapper.application; includeInIndex = 0; path = MenuGames.app; sourceTree = BUILT_PRODUCTS_DIR; };
		6A88C93113B2EEA200EC6CB2 /* Cocoa.framework */ = {isa = PBXFileReference; lastKnownFileType = wrapper.framework; name = Cocoa.framework; path = System/Library/Frameworks/Cocoa.framework; sourceTree = SDKROOT; };
		6A88C93413B2EEA300EC6CB2 /* AppKit.framework */ = {isa = PBXFileReference; lastKnownFileType = wrapper.framework; name = AppKit.framework; path = System/Library/Frameworks/AppKit.framework; sourceTree = SDKROOT; };
		6A88C93513B2EEA300EC6CB2 /* CoreData.framework */ = {isa = PBXFileReference; lastKnownFileType = wrapper.framework; name = CoreData.framework; path = System/Library/Frameworks/CoreData.framework; sourceTree = SDKROOT; };
		6A88C93613B2EEA300EC6CB2 /* Foundation.framework */ = {isa = PBXFileReference; lastKnownFileType = wrapper.framework; name = Foundation.framework; path = System/Library/Frameworks/Foundation.framework; sourceTree = SDKROOT; };
		6A88C93913B2EEA300EC6CB2 /* MenuGames-Info.plist */ = {isa = PBXFileReference; lastKnownFileType = text.plist.xml; path = "MenuGames-Info.plist"; sourceTree = "<group>"; };
		6A88C93B13B2EEA300EC6CB2 /* en */ = {isa = PBXFileReference; lastKnownFileType = text.plist.strings; name = en; path = en.lproj/InfoPlist.strings; sourceTree = "<group>"; };
		6A88C93D13B2EEA300EC6CB2 /* MenuGames-Prefix.pch */ = {isa = PBXFileReference; lastKnownFileType = sourcecode.c.h; path = "MenuGames-Prefix.pch"; sourceTree = "<group>"; };
		6A88C93E13B2EEA300EC6CB2 /* main.m */ = {isa = PBXFileReference; lastKnownFileType = sourcecode.c.objc; path = main.m; sourceTree = "<group>"; };
		6A88C94113B2EEA300EC6CB2 /* en */ = {isa = PBXFileReference; lastKnownFileType = text.rtf; name = en; path = en.lproj/Credits.rtf; sourceTree = "<group>"; };
		6A88C94313B2EEA300EC6CB2 /* MenuGamesAppDelegate.h */ = {isa = PBXFileReference; lastKnownFileType = sourcecode.c.h; path = MenuGamesAppDelegate.h; sourceTree = "<group>"; };
		6A88C94413B2EEA300EC6CB2 /* MenuGamesAppDelegate.m */ = {isa = PBXFileReference; lastKnownFileType = sourcecode.c.objc; path = MenuGamesAppDelegate.m; sourceTree = "<group>"; };
		6A88C94713B2EEA300EC6CB2 /* en */ = {isa = PBXFileReference; lastKnownFileType = file.xib; name = en; path = en.lproj/MainMenu.xib; sourceTree = "<group>"; };
		6A88C95E13B2F12600EC6CB2 /* MGPongView.h */ = {isa = PBXFileReference; fileEncoding = 4; lastKnownFileType = sourcecode.c.h; name = MGPongView.h; path = ../MGPongView.h; sourceTree = "<group>"; };
		6A88C95F13B2F12600EC6CB2 /* MGPongView.m */ = {isa = PBXFileReference; fileEncoding = 4; lastKnownFileType = sourcecode.c.objc; name = MGPongView.m; path = ../MGPongView.m; sourceTree = "<group>"; };
		6A88C96113B2FC7A00EC6CB2 /* MGGameWindow.h */ = {isa = PBXFileReference; fileEncoding = 4; lastKnownFileType = sourcecode.c.h; path = MGGameWindow.h; sourceTree = "<group>"; };
		6A88C96213B2FC7A00EC6CB2 /* MGGameWindow.m */ = {isa = PBXFileReference; fileEncoding = 4; lastKnownFileType = sourcecode.c.objc; path = MGGameWindow.m; sourceTree = "<group>"; };
		6A8B0ABF13BA785F005A1307 /* winner-banner-left.png */ = {isa = PBXFileReference; lastKnownFileType = image.png; path = "winner-banner-left.png"; sourceTree = "<group>"; };
		6A8B0AC013BA785F005A1307 /* winner-banner-right.png */ = {isa = PBXFileReference; lastKnownFileType = image.png; path = "winner-banner-right.png"; sourceTree = "<group>"; };
		6A8B0AC113BA785F005A1307 /* you-banner-left.png */ = {isa = PBXFileReference; lastKnownFileType = image.png; path = "you-banner-left.png"; sourceTree = "<group>"; };
		6A8B0AC213BA785F005A1307 /* you-banner-right.png */ = {isa = PBXFileReference; lastKnownFileType = image.png; path = "you-banner-right.png"; sourceTree = "<group>"; };
		6A8B0AC813BA85D0005A1307 /* you-banner-2locals.png */ = {isa = PBXFileReference; lastKnownFileType = image.png; path = "you-banner-2locals.png"; sourceTree = "<group>"; };
		6A9BA9A113B8F00C00263858 /* MGPongPlayer.h */ = {isa = PBXFileReference; fileEncoding = 4; lastKnownFileType = sourcecode.c.h; path = MGPongPlayer.h; sourceTree = "<group>"; };
		6A9BA9A213B8F00C00263858 /* MGPongPlayer.m */ = {isa = PBXFileReference; fileEncoding = 4; lastKnownFileType = sourcecode.c.objc; path = MGPongPlayer.m; sourceTree = "<group>"; };
		6AC91AB613BA6CE100F6867D /* pause-icon.png */ = {isa = PBXFileReference; lastKnownFileType = image.png; path = "pause-icon.png"; sourceTree = "<group>"; };
		6AD5A04B13B6CC19009EAEA7 /* MGPongPaddleLayer.h */ = {isa = PBXFileReference; fileEncoding = 4; lastKnownFileType = sourcecode.c.h; name = MGPongPaddleLayer.h; path = MenuGames.xcodeproj/MGPongPaddleLayer.h; sourceTree = SOURCE_ROOT; };
		6AD5A04C13B6CC19009EAEA7 /* MGPongPaddleLayer.m */ = {isa = PBXFileReference; fileEncoding = 4; lastKnownFileType = sourcecode.c.objc; name = MGPongPaddleLayer.m; path = MenuGames.xcodeproj/MGPongPaddleLayer.m; sourceTree = SOURCE_ROOT; };
		CA89C5D413B3258800D0E1AC /* QuartzCore.framework */ = {isa = PBXFileReference; lastKnownFileType = wrapper.framework; name = QuartzCore.framework; path = System/Library/Frameworks/QuartzCore.framework; sourceTree = SDKROOT; };
/* End PBXFileReference section */

/* Begin PBXFrameworksBuildPhase section */
		6A88C92A13B2EEA200EC6CB2 /* Frameworks */ = {
			isa = PBXFrameworksBuildPhase;
			buildActionMask = 2147483647;
			files = (
				CA89C5D513B3258800D0E1AC /* QuartzCore.framework in Frameworks */,
				6A88C93213B2EEA300EC6CB2 /* Cocoa.framework in Frameworks */,
				6A6D2FFC13B3A71A00C1ED12 /* QuartzCore.framework in Frameworks */,
			);
			runOnlyForDeploymentPostprocessing = 0;
		};
/* End PBXFrameworksBuildPhase section */

/* Begin PBXGroup section */
		6A88C92213B2EEA200EC6CB2 = {
			isa = PBXGroup;
			children = (
				CA89C5D413B3258800D0E1AC /* QuartzCore.framework */,
				6A88C93713B2EEA300EC6CB2 /* MenuGames */,
				6A88C93013B2EEA200EC6CB2 /* Frameworks */,
				6A88C92E13B2EEA200EC6CB2 /* Products */,
			);
			sourceTree = "<group>";
		};
		6A88C92E13B2EEA200EC6CB2 /* Products */ = {
			isa = PBXGroup;
			children = (
				6A88C92D13B2EEA200EC6CB2 /* MenuGames.app */,
			);
			name = Products;
			sourceTree = "<group>";
		};
		6A88C93013B2EEA200EC6CB2 /* Frameworks */ = {
			isa = PBXGroup;
			children = (
				6A6D2FFB13B3A71A00C1ED12 /* QuartzCore.framework */,
				6A88C93113B2EEA200EC6CB2 /* Cocoa.framework */,
				6A88C93313B2EEA300EC6CB2 /* Other Frameworks */,
			);
			name = Frameworks;
			sourceTree = "<group>";
		};
		6A88C93313B2EEA300EC6CB2 /* Other Frameworks */ = {
			isa = PBXGroup;
			children = (
				6A88C93413B2EEA300EC6CB2 /* AppKit.framework */,
				6A88C93513B2EEA300EC6CB2 /* CoreData.framework */,
				6A88C93613B2EEA300EC6CB2 /* Foundation.framework */,
			);
			name = "Other Frameworks";
			sourceTree = "<group>";
		};
		6A88C93713B2EEA300EC6CB2 /* MenuGames */ = {
			isa = PBXGroup;
			children = (
				6A1A51E313B7D39100D696EB /* MGPeriodicTimer.h */,
				6A1A51E413B7D39100D696EB /* MGPeriodicTimer.m */,
				6A9BA9A113B8F00C00263858 /* MGPongPlayer.h */,
				6A9BA9A213B8F00C00263858 /* MGPongPlayer.m */,
				6A1A51E713B7D4DE00D696EB /* MGPeriodicTimerDelegate.h */,
				6A88C94313B2EEA300EC6CB2 /* MenuGamesAppDelegate.h */,
				6A88C94413B2EEA300EC6CB2 /* MenuGamesAppDelegate.m */,
				6A88C96113B2FC7A00EC6CB2 /* MGGameWindow.h */,
				6A88C96213B2FC7A00EC6CB2 /* MGGameWindow.m */,
				6A88C95E13B2F12600EC6CB2 /* MGPongView.h */,
				6A88C95F13B2F12600EC6CB2 /* MGPongView.m */,
				6AD5A04B13B6CC19009EAEA7 /* MGPongPaddleLayer.h */,
				6AD5A04C13B6CC19009EAEA7 /* MGPongPaddleLayer.m */,
				6A6D2FD313B3A45F00C1ED12 /* MGPongBallLayer.h */,
				6A6D2FD413B3A45F00C1ED12 /* MGPongBallLayer.m */,
				6A88C94613B2EEA300EC6CB2 /* MainMenu.xib */,
				6A88C93813B2EEA300EC6CB2 /* Supporting Files */,
			);
			path = MenuGames;
			sourceTree = "<group>";
		};
		6A88C93813B2EEA300EC6CB2 /* Supporting Files */ = {
			isa = PBXGroup;
			children = (
				6AC91AB613BA6CE100F6867D /* pause-icon.png */,
				6A8B0ABF13BA785F005A1307 /* winner-banner-left.png */,
				6A8B0AC013BA785F005A1307 /* winner-banner-right.png */,
				6A8B0AC813BA85D0005A1307 /* you-banner-2locals.png */,
				6A8B0AC113BA785F005A1307 /* you-banner-left.png */,
				6A8B0AC213BA785F005A1307 /* you-banner-right.png */,
				6A88C93913B2EEA300EC6CB2 /* MenuGames-Info.plist */,
				6A88C93A13B2EEA300EC6CB2 /* InfoPlist.strings */,
				6A88C93D13B2EEA300EC6CB2 /* MenuGames-Prefix.pch */,
				6A88C93E13B2EEA300EC6CB2 /* main.m */,
				6A88C94013B2EEA300EC6CB2 /* Credits.rtf */,
			);
			name = "Supporting Files";
			sourceTree = "<group>";
		};
/* End PBXGroup section */

/* Begin PBXNativeTarget section */
		6A88C92C13B2EEA200EC6CB2 /* MenuGames */ = {
			isa = PBXNativeTarget;
			buildConfigurationList = 6A88C94B13B2EEA300EC6CB2 /* Build configuration list for PBXNativeTarget "MenuGames" */;
			buildPhases = (
				6A88C92913B2EEA200EC6CB2 /* Sources */,
				6A88C92A13B2EEA200EC6CB2 /* Frameworks */,
				6A88C92B13B2EEA200EC6CB2 /* Resources */,
			);
			buildRules = (
			);
			dependencies = (
			);
			name = MenuGames;
			productName = MenuGames;
			productReference = 6A88C92D13B2EEA200EC6CB2 /* MenuGames.app */;
			productType = "com.apple.product-type.application";
		};
/* End PBXNativeTarget section */

/* Begin PBXProject section */
		6A88C92413B2EEA200EC6CB2 /* Project object */ = {
			isa = PBXProject;
			buildConfigurationList = 6A88C92713B2EEA200EC6CB2 /* Build configuration list for PBXProject "MenuGames" */;
			compatibilityVersion = "Xcode 3.2";
			developmentRegion = English;
			hasScannedForEncodings = 0;
			knownRegions = (
				en,
			);
			mainGroup = 6A88C92213B2EEA200EC6CB2;
			productRefGroup = 6A88C92E13B2EEA200EC6CB2 /* Products */;
			projectDirPath = "";
			projectRoot = "";
			targets = (
				6A88C92C13B2EEA200EC6CB2 /* MenuGames */,
			);
		};
/* End PBXProject section */

/* Begin PBXResourcesBuildPhase section */
		6A88C92B13B2EEA200EC6CB2 /* Resources */ = {
			isa = PBXResourcesBuildPhase;
			buildActionMask = 2147483647;
			files = (
				6A88C93C13B2EEA300EC6CB2 /* InfoPlist.strings in Resources */,
				6A88C94213B2EEA300EC6CB2 /* Credits.rtf in Resources */,
				6A88C94813B2EEA300EC6CB2 /* MainMenu.xib in Resources */,
				6AC91AB713BA6CE100F6867D /* pause-icon.png in Resources */,
				6A8B0AC313BA785F005A1307 /* winner-banner-left.png in Resources */,
				6A8B0AC413BA785F005A1307 /* winner-banner-right.png in Resources */,
				6A8B0AC513BA785F005A1307 /* you-banner-left.png in Resources */,
				6A8B0AC613BA785F005A1307 /* you-banner-right.png in Resources */,
				6A8B0AC913BA85D0005A1307 /* you-banner-2locals.png in Resources */,
			);
			runOnlyForDeploymentPostprocessing = 0;
		};
/* End PBXResourcesBuildPhase section */

/* Begin PBXSourcesBuildPhase section */
		6A88C92913B2EEA200EC6CB2 /* Sources */ = {
			isa = PBXSourcesBuildPhase;
			buildActionMask = 2147483647;
			files = (
				6A88C93F13B2EEA300EC6CB2 /* main.m in Sources */,
				6A88C94513B2EEA300EC6CB2 /* MenuGamesAppDelegate.m in Sources */,
				6A88C96013B2F12600EC6CB2 /* MGPongView.m in Sources */,
				6A88C96313B2FC7A00EC6CB2 /* MGGameWindow.m in Sources */,
				6A6D2FD513B3A45F00C1ED12 /* MGPongBallLayer.m in Sources */,
				6AD5A04D13B6CC19009EAEA7 /* MGPongPaddleLayer.m in Sources */,
				6A1A51E513B7D39100D696EB /* MGPeriodicTimer.m in Sources */,
				6A9BA9A313B8F00C00263858 /* MGPongPlayer.m in Sources */,
			);
			runOnlyForDeploymentPostprocessing = 0;
		};
/* End PBXSourcesBuildPhase section */

/* Begin PBXVariantGroup section */
		6A88C93A13B2EEA300EC6CB2 /* InfoPlist.strings */ = {
			isa = PBXVariantGroup;
			children = (
				6A88C93B13B2EEA300EC6CB2 /* en */,
			);
			name = InfoPlist.strings;
			sourceTree = "<group>";
		};
		6A88C94013B2EEA300EC6CB2 /* Credits.rtf */ = {
			isa = PBXVariantGroup;
			children = (
				6A88C94113B2EEA300EC6CB2 /* en */,
			);
			name = Credits.rtf;
			sourceTree = "<group>";
		};
		6A88C94613B2EEA300EC6CB2 /* MainMenu.xib */ = {
			isa = PBXVariantGroup;
			children = (
				6A88C94713B2EEA300EC6CB2 /* en */,
			);
			name = MainMenu.xib;
			sourceTree = "<group>";
		};
/* End PBXVariantGroup section */

/* Begin XCBuildConfiguration section */
		6A88C94913B2EEA300EC6CB2 /* Debug */ = {
			isa = XCBuildConfiguration;
			buildSettings = {
				ARCHS = "$(ARCHS_STANDARD_32_64_BIT)";
				GCC_C_LANGUAGE_STANDARD = gnu99;
				GCC_OPTIMIZATION_LEVEL = 0;
				GCC_PREPROCESSOR_DEFINITIONS = DEBUG;
				GCC_SYMBOLS_PRIVATE_EXTERN = NO;
				GCC_VERSION = com.apple.compilers.llvm.clang.1_0;
				GCC_WARN_64_TO_32_BIT_CONVERSION = YES;
				GCC_WARN_ABOUT_RETURN_TYPE = YES;
				GCC_WARN_UNUSED_VARIABLE = YES;
				MACOSX_DEPLOYMENT_TARGET = 10.6;
				ONLY_ACTIVE_ARCH = YES;
				SDKROOT = macosx;
			};
			name = Debug;
		};
		6A88C94A13B2EEA300EC6CB2 /* Release */ = {
			isa = XCBuildConfiguration;
			buildSettings = {
				ARCHS = "$(ARCHS_STANDARD_32_64_BIT)";
				GCC_C_LANGUAGE_STANDARD = gnu99;
				GCC_VERSION = com.apple.compilers.llvm.clang.1_0;
				GCC_WARN_64_TO_32_BIT_CONVERSION = YES;
				GCC_WARN_ABOUT_RETURN_TYPE = YES;
				GCC_WARN_UNUSED_VARIABLE = YES;
				MACOSX_DEPLOYMENT_TARGET = 10.6;
				SDKROOT = macosx;
			};
			name = Release;
		};
		6A88C94C13B2EEA300EC6CB2 /* Debug */ = {
			isa = XCBuildConfiguration;
			buildSettings = {
				ALWAYS_SEARCH_USER_PATHS = NO;
				COPY_PHASE_STRIP = NO;
				GCC_DYNAMIC_NO_PIC = NO;
				GCC_ENABLE_OBJC_EXCEPTIONS = YES;
				GCC_PRECOMPILE_PREFIX_HEADER = YES;
				GCC_PREFIX_HEADER = "MenuGames/MenuGames-Prefix.pch";
				INFOPLIST_FILE = "MenuGames/MenuGames-Info.plist";
				PRODUCT_NAME = "$(TARGET_NAME)";
				WRAPPER_EXTENSION = app;
			};
			name = Debug;
		};
		6A88C94D13B2EEA300EC6CB2 /* Release */ = {
			isa = XCBuildConfiguration;
			buildSettings = {
				ALWAYS_SEARCH_USER_PATHS = NO;
				COPY_PHASE_STRIP = YES;
				DEBUG_INFORMATION_FORMAT = "dwarf-with-dsym";
				GCC_ENABLE_OBJC_EXCEPTIONS = YES;
				GCC_PRECOMPILE_PREFIX_HEADER = YES;
				GCC_PREFIX_HEADER = "MenuGames/MenuGames-Prefix.pch";
				INFOPLIST_FILE = "MenuGames/MenuGames-Info.plist";
				PRODUCT_NAME = "$(TARGET_NAME)";
				WRAPPER_EXTENSION = app;
			};
			name = Release;
		};
/* End XCBuildConfiguration section */

/* Begin XCConfigurationList section */
		6A88C92713B2EEA200EC6CB2 /* Build configuration list for PBXProject "MenuGames" */ = {
			isa = XCConfigurationList;
			buildConfigurations = (
				6A88C94913B2EEA300EC6CB2 /* Debug */,
				6A88C94A13B2EEA300EC6CB2 /* Release */,
			);
			defaultConfigurationIsVisible = 0;
			defaultConfigurationName = Release;
		};
		6A88C94B13B2EEA300EC6CB2 /* Build configuration list for PBXNativeTarget "MenuGames" */ = {
			isa = XCConfigurationList;
			buildConfigurations = (
				6A88C94C13B2EEA300EC6CB2 /* Debug */,
				6A88C94D13B2EEA300EC6CB2 /* Release */,
			);
			defaultConfigurationIsVisible = 0;
			defaultConfigurationName = Release;
		};
/* End XCConfigurationList section */
	};
	rootObject = 6A88C92413B2EEA200EC6CB2 /* Project object */;
}
